lockfileVersion: '9.0'

settings:
  autoInstallPeers: true
  excludeLinksFromLockfile: false

importers:

  .:
    dependencies:
      '@cloudflare/workers-types':
        specifier: ^4.20260410.1
        version: 4.20260702.1

packages:

  '@cloudflare/workers-types@4.20260702.1':
    resolution: {integrity: sha512-mOhf5TUEB1m2vPrxtqoIGfz0fUC9xyxRDx5gWHy5s+OCo6dcV+g7wI1R7gYCMFohhqF/2y2xeKVwMwCJjfn/WA==}

snapshots:

  '@cloudflare/workers-types@4.20260702.1': {}
